
Microsoft Visual Studio Solution File, Format Version 12.00
# Visual Studio Version 17
VisualStudioVersion = 17.1.32228.430
MinimumVisualStudioVersion = 10.0.40219.1
Project("{FAE04EC0-301F-11D3-BF4B-00C04F79EFBC}") = "Exercicio2 avaliacao logica de programacao", "Exercicio2 avaliacao logica de programacao\Exercicio2 avaliacao logica de programacao.csproj", "{65C2521F-CCBD-4BA8-AADE-E2A48C88CEC1}"
EndProject
Global
	GlobalSection(SolutionConfigurationPlatforms) = preSolution
		Debug|Any CPU = Debug|Any CPU
		Release|Any CPU = Release|Any CPU
	EndGlobalSection
	GlobalSection(ProjectConfigurationPlatforms) = postSolution
		{65C2521F-CCBD-4BA8-AADE-E2A48C88CEC1}.Debug|Any CPU.ActiveCfg = Debug|Any CPU
		{65C2521F-CCBD-4BA8-AADE-E2A48C88CEC1}.Debug|Any CPU.Build.0 = Debug|Any CPU
		{65C2521F-CCBD-4BA8-AADE-E2A48C88CEC1}.Release|Any CPU.ActiveCfg = Release|Any CPU
		{65C2521F-CCBD-4BA8-AADE-E2A48C88CEC1}.Release|Any CPU.Build.0 = Release|Any CPU
	EndGlobalSection
	GlobalSection(SolutionProperties) = preSolution
		HideSolutionNode = FALSE
	EndGlobalSection
	GlobalSection(ExtensibilityGlobals) = postSolution
		SolutionGuid = {98814F13-10FB-422E-A879-13D3171E9ECF}
	EndGlobalSection
EndGlobal
